PODS:
  - Alamofire (4.7.2)
  - JHKVideoPlayer (3.6.3):
    - Alamofire (= 4.7.2)

DEPENDENCIES:
  - JHKVideoPlayer (from `../JHKVideoPlayer.podspec`)

SPEC REPOS:
  https://github.com/CocoaPods/Specs.git:
    - Alamofire

EXTERNAL SOURCES:
  JHKVideoPlayer:
    :path: "../JHKVideoPlayer.podspec"

SPEC CHECKSUMS:
  Alamofire: e4fa87002c137ba2d8d634d2c51fabcda0d5c223
  JHKVideoPlayer: 62b6ae4f9ff57baaa8cece48268a928a83685e21

PODFILE CHECKSUM: 83b53bc85a2e67d0430f3c6812c1978bd27cc1fd

COCOAPODS: 1.5.0
