PODS:
  - JHKVideoPlayer (0.1.0)

DEPENDENCIES:
  - JHKVideoPlayer (from `../JHKVideoPlayer.podspec`)

EXTERNAL SOURCES:
  JHKVideoPlayer:
    :path: ../JHKVideoPlayer.podspec

SPEC CHECKSUMS:
  JHKVideoPlayer: c2275b4156bafef18a6f2ede897a237264fac895

PODFILE CHECKSUM: 34b57f7675fbd3e4e523a29f9412298073f6f6a0

COCOAPODS: 1.2.0
