PODS:
  - Alamofire (4.7.2)
  - JHKVideoPlayer (2.8.0):
    - Alamofire (= 4.7.2)

DEPENDENCIES:
  - JHKVideoPlayer (from `../JHKVideoPlayer.podspec`)

SPEC REPOS:
  https://github.com/CocoaPods/Specs.git:
    - Alamofire

EXTERNAL SOURCES:
  JHKVideoPlayer:
    :path: "../JHKVideoPlayer.podspec"

SPEC CHECKSUMS:
  Alamofire: e4fa87002c137ba2d8d634d2c51fabcda0d5c223
  JHKVideoPlayer: 15fa64f37bc1908da82c903a796c9a92c151ae0b

PODFILE CHECKSUM: ee4719074a5d3618a8cf044110c90f01e5918f6d

COCOAPODS: 1.5.0
